
Microsoft Visual Studio Solution File, Format Version 12.00
# Visual Studio 2013
VisualStudioVersion = 12.0.21005.1
MinimumVisualStudioVersion = 10.0.40219.1
Project("{FAE04EC0-301F-11D3-BF4B-00C04F79EFBC}") = "DynamicPhotoGallary", "DynamicPhotoGallary\DynamicPhotoGallary.csproj", "{A0CD1EC5-AE14-46FF-8E9A-D06F20CBFA04}"
EndProject
Project("{FAE04EC0-301F-11D3-BF4B-00C04F79EFBC}") = "DynamicPhotoGallary.Tests", "DynamicPhotoGallary.Tests\DynamicPhotoGallary.Tests.csproj", "{109AE3C4-EC5E-4D74-8EA3-B7D69AA767B3}"
EndProject
Global
	GlobalSection(SolutionConfigurationPlatforms) = preSolution
		Debug|Any CPU = Debug|Any CPU
		Release|Any CPU = Release|Any CPU
	EndGlobalSection
	GlobalSection(ProjectConfigurationPlatforms) = postSolution
		{A0CD1EC5-AE14-46FF-8E9A-D06F20CBFA04}.Debug|Any CPU.ActiveCfg = Debug|Any CPU
		{A0CD1EC5-AE14-46FF-8E9A-D06F20CBFA04}.Debug|Any CPU.Build.0 = Debug|Any CPU
		{A0CD1EC5-AE14-46FF-8E9A-D06F20CBFA04}.Release|Any CPU.ActiveCfg = Release|Any CPU
		{A0CD1EC5-AE14-46FF-8E9A-D06F20CBFA04}.Release|Any CPU.Build.0 = Release|Any CPU
		{109AE3C4-EC5E-4D74-8EA3-B7D69AA767B3}.Debug|Any CPU.ActiveCfg = Debug|Any CPU
		{109AE3C4-EC5E-4D74-8EA3-B7D69AA767B3}.Debug|Any CPU.Build.0 = Debug|Any CPU
		{109AE3C4-EC5E-4D74-8EA3-B7D69AA767B3}.Release|Any CPU.ActiveCfg = Release|Any CPU
		{109AE3C4-EC5E-4D74-8EA3-B7D69AA767B3}.Release|Any CPU.Build.0 = Release|Any CPU
	EndGlobalSection
	GlobalSection(SolutionProperties) = preSolution
		HideSolutionNode = FALSE
	EndGlobalSection
EndGlobal
